
Microsoft Visual Studio Solution File, Format Version 12.00
# Visual Studio 2013
VisualStudioVersion = 12.0.21005.1
MinimumVisualStudioVersion = 10.0.40219.1
Project("{FAE04EC0-301F-11D3-BF4B-00C04F79EFBC}") = "TelBaseUI", "TelBaseUI\TelBaseUI.csproj", "{B6D57679-4032-4511-843B-D3FD4A9B5EF8}"
EndProject
Project("{FAE04EC0-301F-11D3-BF4B-00C04F79EFBC}") = "TelbaseModel", "TelbaseModel\TelbaseModel.csproj", "{44AFBC65-41D5-4F9B-A5D7-167EE2F69AA2}"
EndProject
Global
	GlobalSection(SolutionConfigurationPlatforms) = preSolution
		Debug|Any CPU = Debug|Any CPU
		Release|Any CPU = Release|Any CPU
	EndGlobalSection
	GlobalSection(ProjectConfigurationPlatforms) = postSolution
		{B6D57679-4032-4511-843B-D3FD4A9B5EF8}.Debug|Any CPU.ActiveCfg = Debug|Any CPU
		{B6D57679-4032-4511-843B-D3FD4A9B5EF8}.Debug|Any CPU.Build.0 = Debug|Any CPU
		{B6D57679-4032-4511-843B-D3FD4A9B5EF8}.Release|Any CPU.ActiveCfg = Release|Any CPU
		{B6D57679-4032-4511-843B-D3FD4A9B5EF8}.Release|Any CPU.Build.0 = Release|Any CPU
		{44AFBC65-41D5-4F9B-A5D7-167EE2F69AA2}.Debug|Any CPU.ActiveCfg = Debug|Any CPU
		{44AFBC65-41D5-4F9B-A5D7-167EE2F69AA2}.Debug|Any CPU.Build.0 = Debug|Any CPU
		{44AFBC65-41D5-4F9B-A5D7-167EE2F69AA2}.Release|Any CPU.ActiveCfg = Release|Any CPU
		{44AFBC65-41D5-4F9B-A5D7-167EE2F69AA2}.Release|Any CPU.Build.0 = Release|Any CPU
	EndGlobalSection
	GlobalSection(SolutionProperties) = preSolution
		HideSolutionNode = FALSE
	EndGlobalSection
EndGlobal
